
Microsoft Visual Studio Solution File, Format Version 12.00
# Visual Studio 15
VisualStudioVersion = 15.0.28010.2048
MinimumVisualStudioVersion = 10.0.40219.1
Project("{8BC9CEB8-8B4A-11D0-8D11-00A0C91BC942}") = "AsmDllTests", "AsmDllTests\AsmDllTests.vcxproj", "{7D495650-72A5-469F-93A8-E3D3BC02AAB4}"
EndProject
Project("{8BC9CEB8-8B4A-11D0-8D11-00A0C91BC942}") = "TestingApp", "TestingApp\TestingApp.vcxproj", "{CA6845D5-BE0D-4628-B375-723D43B3641D}"
	ProjectSection(ProjectDependencies) = postProject
		{E5186908-A5BE-4781-AD28-F6F0C43253C2} = {E5186908-A5BE-4781-AD28-F6F0C43253C2}
		{7D495650-72A5-469F-93A8-E3D3BC02AAB4} = {7D495650-72A5-469F-93A8-E3D3BC02AAB4}
	EndProjectSection
EndProject
Project("{8BC9CEB8-8B4A-11D0-8D11-00A0C91BC942}") = "CDllTests", "CDllTests\CDllTests.vcxproj", "{E5186908-A5BE-4781-AD28-F6F0C43253C2}"
	ProjectSection(ProjectDependencies) = postProject
		{7D495650-72A5-469F-93A8-E3D3BC02AAB4} = {7D495650-72A5-469F-93A8-E3D3BC02AAB4}
	EndProjectSection
EndProject
Project("{FAE04EC0-301F-11D3-BF4B-00C04F79EFBC}") = "TestWindowsFormsApp", "TestWindowsFormsApp\TestWindowsFormsApp.csproj", "{717A956F-9F12-4470-AB3F-5E9D83D8888A}"
	ProjectSection(ProjectDependencies) = postProject
		{E5186908-A5BE-4781-AD28-F6F0C43253C2} = {E5186908-A5BE-4781-AD28-F6F0C43253C2}
		{36BF280F-AFFE-4FB0-870F-A988C62740F4} = {36BF280F-AFFE-4FB0-870F-A988C62740F4}
		{7D495650-72A5-469F-93A8-E3D3BC02AAB4} = {7D495650-72A5-469F-93A8-E3D3BC02AAB4}
		{1C3150A4-1D2D-48D4-A881-BE03A5F226A2} = {1C3150A4-1D2D-48D4-A881-BE03A5F226A2}
	EndProjectSection
EndProject
Project("{8BC9CEB8-8B4A-11D0-8D11-00A0C91BC942}") = "AsmDllTestsDll", "AsmDllTestsDll\AsmDllTestsDll.vcxproj", "{1C3150A4-1D2D-48D4-A881-BE03A5F226A2}"
	ProjectSection(ProjectDependencies) = postProject
		{7D495650-72A5-469F-93A8-E3D3BC02AAB4} = {7D495650-72A5-469F-93A8-E3D3BC02AAB4}
	EndProjectSection
EndProject
Project("{8BC9CEB8-8B4A-11D0-8D11-00A0C91BC942}") = "CDllTestsDll", "CDllTestsDll\CDllTestsDll.vcxproj", "{36BF280F-AFFE-4FB0-870F-A988C62740F4}"
	ProjectSection(ProjectDependencies) = postProject
		{E5186908-A5BE-4781-AD28-F6F0C43253C2} = {E5186908-A5BE-4781-AD28-F6F0C43253C2}
		{1C3150A4-1D2D-48D4-A881-BE03A5F226A2} = {1C3150A4-1D2D-48D4-A881-BE03A5F226A2}
	EndProjectSection
EndProject
Global
	GlobalSection(SolutionConfigurationPlatforms) = preSolution
		Debug|Any CPU = Debug|Any CPU
		Debug|x64 = Debug|x64
		Debug|x86 = Debug|x86
		Release|Any CPU = Release|Any CPU
		Release|x64 = Release|x64
		Release|x86 = Release|x86
	EndGlobalSection
	GlobalSection(ProjectConfigurationPlatforms) = postSolution
		{7D495650-72A5-469F-93A8-E3D3BC02AAB4}.Debug|Any CPU.ActiveCfg = Debug|Win32
		{7D495650-72A5-469F-93A8-E3D3BC02AAB4}.Debug|x64.ActiveCfg = Debug|x64
		{7D495650-72A5-469F-93A8-E3D3BC02AAB4}.Debug|x64.Build.0 = Debug|x64
		{7D495650-72A5-469F-93A8-E3D3BC02AAB4}.Debug|x86.ActiveCfg = Debug|Win32
		{7D495650-72A5-469F-93A8-E3D3BC02AAB4}.Debug|x86.Build.0 = Debug|Win32
		{7D495650-72A5-469F-93A8-E3D3BC02AAB4}.Release|Any CPU.ActiveCfg = Release|Win32
		{7D495650-72A5-469F-93A8-E3D3BC02AAB4}.Release|x64.ActiveCfg = Release|x64
		{7D495650-72A5-469F-93A8-E3D3BC02AAB4}.Release|x64.Build.0 = Release|x64
		{7D495650-72A5-469F-93A8-E3D3BC02AAB4}.Release|x86.ActiveCfg = Release|Win32
		{7D495650-72A5-469F-93A8-E3D3BC02AAB4}.Release|x86.Build.0 = Release|Win32
		{CA6845D5-BE0D-4628-B375-723D43B3641D}.Debug|Any CPU.ActiveCfg = Debug|Win32
		{CA6845D5-BE0D-4628-B375-723D43B3641D}.Debug|x64.ActiveCfg = Debug|x64
		{CA6845D5-BE0D-4628-B375-723D43B3641D}.Debug|x64.Build.0 = Debug|x64
		{CA6845D5-BE0D-4628-B375-723D43B3641D}.Debug|x86.ActiveCfg = Debug|Win32
		{CA6845D5-BE0D-4628-B375-723D43B3641D}.Debug|x86.Build.0 = Debug|Win32
		{CA6845D5-BE0D-4628-B375-723D43B3641D}.Release|Any CPU.ActiveCfg = Release|Win32
		{CA6845D5-BE0D-4628-B375-723D43B3641D}.Release|x64.ActiveCfg = Release|x64
		{CA6845D5-BE0D-4628-B375-723D43B3641D}.Release|x64.Build.0 = Release|x64
		{CA6845D5-BE0D-4628-B375-723D43B3641D}.Release|x86.ActiveCfg = Release|Win32
		{CA6845D5-BE0D-4628-B375-723D43B3641D}.Release|x86.Build.0 = Release|Win32
		{E5186908-A5BE-4781-AD28-F6F0C43253C2}.Debug|Any CPU.ActiveCfg = Debug|Win32
		{E5186908-A5BE-4781-AD28-F6F0C43253C2}.Debug|x64.ActiveCfg = Debug|x64
		{E5186908-A5BE-4781-AD28-F6F0C43253C2}.Debug|x64.Build.0 = Debug|x64
		{E5186908-A5BE-4781-AD28-F6F0C43253C2}.Debug|x86.ActiveCfg = Debug|Win32
		{E5186908-A5BE-4781-AD28-F6F0C43253C2}.Debug|x86.Build.0 = Debug|Win32
		{E5186908-A5BE-4781-AD28-F6F0C43253C2}.Release|Any CPU.ActiveCfg = Release|Win32
		{E5186908-A5BE-4781-AD28-F6F0C43253C2}.Release|x64.ActiveCfg = Release|x64
		{E5186908-A5BE-4781-AD28-F6F0C43253C2}.Release|x64.Build.0 = Release|x64
		{E5186908-A5BE-4781-AD28-F6F0C43253C2}.Release|x86.ActiveCfg = Release|Win32
		{E5186908-A5BE-4781-AD28-F6F0C43253C2}.Release|x86.Build.0 = Release|Win32
		{717A956F-9F12-4470-AB3F-5E9D83D8888A}.Debug|Any CPU.ActiveCfg = Debug|Any CPU
		{717A956F-9F12-4470-AB3F-5E9D83D8888A}.Debug|Any CPU.Build.0 = Debug|Any CPU
		{717A956F-9F12-4470-AB3F-5E9D83D8888A}.Debug|x64.ActiveCfg = Debug|Any CPU
		{717A956F-9F12-4470-AB3F-5E9D83D8888A}.Debug|x64.Build.0 = Debug|Any CPU
		{717A956F-9F12-4470-AB3F-5E9D83D8888A}.Debug|x86.ActiveCfg = Debug|Any CPU
		{717A956F-9F12-4470-AB3F-5E9D83D8888A}.Debug|x86.Build.0 = Debug|Any CPU
		{717A956F-9F12-4470-AB3F-5E9D83D8888A}.Release|Any CPU.ActiveCfg = Release|Any CPU
		{717A956F-9F12-4470-AB3F-5E9D83D8888A}.Release|Any CPU.Build.0 = Release|Any CPU
		{717A956F-9F12-4470-AB3F-5E9D83D8888A}.Release|x64.ActiveCfg = Release|Any CPU
		{717A956F-9F12-4470-AB3F-5E9D83D8888A}.Release|x64.Build.0 = Release|Any CPU
		{717A956F-9F12-4470-AB3F-5E9D83D8888A}.Release|x86.ActiveCfg = Release|Any CPU
		{717A956F-9F12-4470-AB3F-5E9D83D8888A}.Release|x86.Build.0 = Release|Any CPU
		{1C3150A4-1D2D-48D4-A881-BE03A5F226A2}.Debug|Any CPU.ActiveCfg = Debug|Win32
		{1C3150A4-1D2D-48D4-A881-BE03A5F226A2}.Debug|x64.ActiveCfg = Debug|x64
		{1C3150A4-1D2D-48D4-A881-BE03A5F226A2}.Debug|x64.Build.0 = Debug|x64
		{1C3150A4-1D2D-48D4-A881-BE03A5F226A2}.Debug|x86.ActiveCfg = Debug|Win32
		{1C3150A4-1D2D-48D4-A881-BE03A5F226A2}.Debug|x86.Build.0 = Debug|Win32
		{1C3150A4-1D2D-48D4-A881-BE03A5F226A2}.Release|Any CPU.ActiveCfg = Release|Win32
		{1C3150A4-1D2D-48D4-A881-BE03A5F226A2}.Release|x64.ActiveCfg = Release|x64
		{1C3150A4-1D2D-48D4-A881-BE03A5F226A2}.Release|x64.Build.0 = Release|x64
		{1C3150A4-1D2D-48D4-A881-BE03A5F226A2}.Release|x86.ActiveCfg = Release|Win32
		{1C3150A4-1D2D-48D4-A881-BE03A5F226A2}.Release|x86.Build.0 = Release|Win32
		{36BF280F-AFFE-4FB0-870F-A988C62740F4}.Debug|Any CPU.ActiveCfg = Debug|Win32
		{36BF280F-AFFE-4FB0-870F-A988C62740F4}.Debug|x64.ActiveCfg = Debug|x64
		{36BF280F-AFFE-4FB0-870F-A988C62740F4}.Debug|x64.Build.0 = Debug|x64
		{36BF280F-AFFE-4FB0-870F-A988C62740F4}.Debug|x86.ActiveCfg = Debug|Win32
		{36BF280F-AFFE-4FB0-870F-A988C62740F4}.Debug|x86.Build.0 = Debug|Win32
		{36BF280F-AFFE-4FB0-870F-A988C62740F4}.Release|Any CPU.ActiveCfg = Release|Win32
		{36BF280F-AFFE-4FB0-870F-A988C62740F4}.Release|x64.ActiveCfg = Release|x64
		{36BF280F-AFFE-4FB0-870F-A988C62740F4}.Release|x64.Build.0 = Release|x64
		{36BF280F-AFFE-4FB0-870F-A988C62740F4}.Release|x86.ActiveCfg = Release|Win32
		{36BF280F-AFFE-4FB0-870F-A988C62740F4}.Release|x86.Build.0 = Release|Win32
	EndGlobalSection
	GlobalSection(SolutionProperties) = preSolution
		HideSolutionNode = FALSE
	EndGlobalSection
	GlobalSection(ExtensibilityGlobals) = postSolution
		SolutionGuid = {47216670-6615-4838-9124-4805D269A8CF}
	EndGlobalSection
EndGlobal
